// !$*UTF8*$!
{
	archiveVersion = 1;
	classes = {
	};
	objectVersion = 46;
	objects = {

/* Begin PBXBuildFile section */
		2725993913D8B43F006E391E /* CouchCocoa.framework in CopyFiles */ = {isa = PBXBuildFile; fileRef = 27CDEBF113C67C9B00C979BB /* CouchCocoa.framework */; };
		2725993A13D8CEB7006E391E /* CouchCocoa.framework in CopyFiles */ = {isa = PBXBuildFile; fileRef = 27CDEBF113C67C9B00C979BB /* CouchCocoa.framework */; };
		2730940E13C68E080093857D /* InfoPlist.strings in Resources */ = {isa = PBXBuildFile; fileRef = 2730940C13C68E080093857D /* InfoPlist.strings */; };
		2739BF2D13BCE53B004829CD /* Foundation.framework in Frameworks */ = {isa = PBXBuildFile; fileRef = 2739BF2C13BCE53B004829CD /* Foundation.framework */; };
		2739BF3713BCE53C004829CD /* SenTestingKit.framework in Frameworks */ = {isa = PBXBuildFile; fileRef = 272E9D8313A2EBDF009F18E9 /* SenTestingKit.framework */; };
		2739BF3913BCE53C004829CD /* UIKit.framework in Frameworks */ = {isa = PBXBuildFile; fileRef = 2739BF3813BCE53C004829CD /* UIKit.framework */; };
		2739BF3A13BCE53C004829CD /* Foundation.framework in Frameworks */ = {isa = PBXBuildFile; fileRef = 2739BF2C13BCE53B004829CD /* Foundation.framework */; };
		2739BF3C13BCE53C004829CD /* CoreGraphics.framework in Frameworks */ = {isa = PBXBuildFile; fileRef = 2739BF3B13BCE53C004829CD /* CoreGraphics.framework */; };
		2739BF3F13BCE53C004829CD /* libCouchCocoa.a in Frameworks */ = {isa = PBXBuildFile; fileRef = 2739BF2B13BCE53B004829CD /* libCouchCocoa.a */; };
		2739BF5013BCE560004829CD /* RESTResource.m in Sources */ = {isa = PBXBuildFile; fileRef = 278B231B13916F1400DDD950 /* RESTResource.m */; };
		2739BF5113BCE562004829CD /* RESTOperation.m in Sources */ = {isa = PBXBuildFile; fileRef = 278B22FE138F32CB00DDD950 /* RESTOperation.m */; };
		2739BF5213BCE565004829CD /* RESTBody.m in Sources */ = {isa = PBXBuildFile; fileRef = 27A57B3C1397E6FB002776DB /* RESTBody.m */; };
		2739BF5313BCE568004829CD /* RESTCache.m in Sources */ = {isa = PBXBuildFile; fileRef = 2781242C13AC265A0051A99D /* RESTCache.m */; };
		2739BF5413BCE56D004829CD /* RESTInternal.m in Sources */ = {isa = PBXBuildFile; fileRef = 27DA430513B659A900BBADB7 /* RESTInternal.m */; };
		2739BF5513BCE5A5004829CD /* CouchServer.m in Sources */ = {isa = PBXBuildFile; fileRef = 278B22F2138F1F5F00DDD950 /* CouchServer.m */; };
		2739BF5613BCE5A8004829CD /* CouchDatabase.m in Sources */ = {isa = PBXBuildFile; fileRef = 278B22F5138F269200DDD950 /* CouchDatabase.m */; };
		2739BF5713BCE5BD004829CD /* CouchDocument.m in Sources */ = {isa = PBXBuildFile; fileRef = 278B22F8138F2AA600DDD950 /* CouchDocument.m */; };
		2739BF5813BCE5BD004829CD /* CouchRevision.m in Sources */ = {isa = PBXBuildFile; fileRef = 2739BF2113BAB412004829CD /* CouchRevision.m */; };
		2739BF5913BCE5BD004829CD /* CouchAttachment.m in Sources */ = {isa = PBXBuildFile; fileRef = 278B22FB138F320A00DDD950 /* CouchAttachment.m */; };
		2739BF5A13BCE5BD004829CD /* CouchDesignDocument.m in Sources */ = {isa = PBXBuildFile; fileRef = 27BB781713A08B520069ABA7 /* CouchDesignDocument.m */; };
		2739BF5B13BCE5BD004829CD /* CouchQuery.m in Sources */ = {isa = PBXBuildFile; fileRef = 278B275F1394225600DDD950 /* CouchQuery.m */; };
		2739BF5C13BCE5BD004829CD /* CouchResource.m in Sources */ = {isa = PBXBuildFile; fileRef = 278B24CB1392EE3600DDD950 /* CouchResource.m */; };
		2739BF5D13BCE5BD004829CD /* CouchChangeTracker.m in Sources */ = {isa = PBXBuildFile; fileRef = 2781244513AFA6CD0051A99D /* CouchChangeTracker.m */; };
		2739BF5E13BCE5CD004829CD /* JSONKit.m in Sources */ = {isa = PBXBuildFile; fileRef = 2781242313AC1B2F0051A99D /* JSONKit.m */; };
		2759A0B713E0907000866098 /* libcrypto-iphonesimulator.a in Frameworks */ = {isa = PBXBuildFile; fileRef = 2759A0B613E0907000866098 /* libcrypto-iphonesimulator.a */; };
		2784E1B613CE5249009CC5C8 /* CouchCocoa.framework in Frameworks */ = {isa = PBXBuildFile; fileRef = 27CDEBF113C67C9B00C979BB /* CouchCocoa.framework */; };
		2784E1B713CE5249009CC5C8 /* Cocoa.framework in Frameworks */ = {isa = PBXBuildFile; fileRef = 27A5792913974B65002776DB /* Cocoa.framework */; };
		2784E1C313CE52FE009CC5C8 /* ShoppingDemo.xib in Resources */ = {isa = PBXBuildFile; fileRef = 2784E1C113CE52FE009CC5C8 /* ShoppingDemo.xib */; };
		2784E1C413CE5556009CC5C8 /* DemoItem.m in Sources */ = {isa = PBXBuildFile; fileRef = 27A577DE13970D94002776DB /* DemoItem.m */; };
		2784E1C513CE5559009CC5C8 /* DemoQuery.m in Sources */ = {isa = PBXBuildFile; fileRef = 27A577A713970959002776DB /* DemoQuery.m */; };
		27853EF513DF6F5E00478EBB /* libcrypto.dylib in Frameworks */ = {isa = PBXBuildFile; fileRef = 27853EF413DF6F5E00478EBB /* libcrypto.dylib */; };
		27A577BB13970A3B002776DB /* DemoQuery.m in Sources */ = {isa = PBXBuildFile; fileRef = 27A577A713970959002776DB /* DemoQuery.m */; };
		27A5799E13974DD7002776DB /* DemoItem.m in Sources */ = {isa = PBXBuildFile; fileRef = 27A577DE13970D94002776DB /* DemoItem.m */; };
		27A579B313974E41002776DB /* Cocoa.framework in Frameworks */ = {isa = PBXBuildFile; fileRef = 27A5792913974B65002776DB /* Cocoa.framework */; };
		27C5229C13CFA7C2003909B7 /* DemoAppController.m in Sources */ = {isa = PBXBuildFile; fileRef = 27EF148B1396D8CC0052913E /* DemoAppController.m */; };
		27C727FF13EB237200C7ADF5 /* CouchUITableSource.m in Sources */ = {isa = PBXBuildFile; fileRef = 27C727FB13EB237200C7ADF5 /* CouchUITableSource.m */; };
		27C7280013EB238900C7ADF5 /* CouchUITableSource.h in Headers */ = {isa = PBXBuildFile; fileRef = 27C727FA13EB237200C7ADF5 /* CouchUITableSource.h */; settings = {ATTRIBUTES = (Public, ); }; };
		27CDEBEA13C675C900C979BB /* Test_REST.m in Sources */ = {isa = PBXBuildFile; fileRef = 272E9D9313A2EBE0009F18E9 /* Test_REST.m */; };
		27CDEBEB13C675CD00C979BB /* Test_Couch.m in Sources */ = {isa = PBXBuildFile; fileRef = 270A663A13A5B36900791F4A /* Test_Couch.m */; };
		27CDEC0413C67C9B00C979BB /* SenTestingKit.framework in Frameworks */ = {isa = PBXBuildFile; fileRef = 272E9D8313A2EBDF009F18E9 /* SenTestingKit.framework */; };
		27CDEC0513C67C9B00C979BB /* Cocoa.framework in Frameworks */ = {isa = PBXBuildFile; fileRef = 27A5792913974B65002776DB /* Cocoa.framework */; };
		27CDEC0813C67C9B00C979BB /* CouchCocoa.framework in Frameworks */ = {isa = PBXBuildFile; fileRef = 27CDEBF113C67C9B00C979BB /* CouchCocoa.framework */; };
		27CDEC1913C67D0300C979BB /* RESTResource.m in Sources */ = {isa = PBXBuildFile; fileRef = 278B231B13916F1400DDD950 /* RESTResource.m */; };
		27CDEC1A13C67D0300C979BB /* RESTOperation.m in Sources */ = {isa = PBXBuildFile; fileRef = 278B22FE138F32CB00DDD950 /* RESTOperation.m */; };
		27CDEC1B13C67D0300C979BB /* RESTBody.m in Sources */ = {isa = PBXBuildFile; fileRef = 27A57B3C1397E6FB002776DB /* RESTBody.m */; };
		27CDEC1C13C67D0300C979BB /* RESTCache.m in Sources */ = {isa = PBXBuildFile; fileRef = 2781242C13AC265A0051A99D /* RESTCache.m */; };
		27CDEC1D13C67D0300C979BB /* RESTInternal.m in Sources */ = {isa = PBXBuildFile; fileRef = 27DA430513B659A900BBADB7 /* RESTInternal.m */; };
		27CDEC1E13C67D0300C979BB /* CouchServer.m in Sources */ = {isa = PBXBuildFile; fileRef = 278B22F2138F1F5F00DDD950 /* CouchServer.m */; };
		27CDEC1F13C67D0300C979BB /* CouchDatabase.m in Sources */ = {isa = PBXBuildFile; fileRef = 278B22F5138F269200DDD950 /* CouchDatabase.m */; };
		27CDEC2013C67D0300C979BB /* CouchDocument.m in Sources */ = {isa = PBXBuildFile; fileRef = 278B22F8138F2AA600DDD950 /* CouchDocument.m */; };
		27CDEC2113C67D0300C979BB /* CouchRevision.m in Sources */ = {isa = PBXBuildFile; fileRef = 2739BF2113BAB412004829CD /* CouchRevision.m */; };
		27CDEC2213C67D0300C979BB /* CouchAttachment.m in Sources */ = {isa = PBXBuildFile; fileRef = 278B22FB138F320A00DDD950 /* CouchAttachment.m */; };
		27CDEC2313C67D0300C979BB /* CouchDesignDocument.m in Sources */ = {isa = PBXBuildFile; fileRef = 27BB781713A08B520069ABA7 /* CouchDesignDocument.m */; };
		27CDEC2413C67D0300C979BB /* CouchQuery.m in Sources */ = {isa = PBXBuildFile; fileRef = 278B275F1394225600DDD950 /* CouchQuery.m */; };
		27CDEC2513C67D0300C979BB /* CouchResource.m in Sources */ = {isa = PBXBuildFile; fileRef = 278B24CB1392EE3600DDD950 /* CouchResource.m */; };
		27CDEC2613C67D0300C979BB /* CouchChangeTracker.m in Sources */ = {isa = PBXBuildFile; fileRef = 2781244513AFA6CD0051A99D /* CouchChangeTracker.m */; };
		27CDEC2713C67D0300C979BB /* JSONKit.m in Sources */ = {isa = PBXBuildFile; fileRef = 2781242313AC1B2F0051A99D /* JSONKit.m */; };
		27CDEC2813C67D1100C979BB /* Foundation.framework in Frameworks */ = {isa = PBXBuildFile; fileRef = 27CDEBF613C67C9B00C979BB /* Foundation.framework */; };
		27CDEC2913C67D3500C979BB /* RESTResource.h in Headers */ = {isa = PBXBuildFile; fileRef = 278B231A13916F1400DDD950 /* RESTResource.h */; settings = {ATTRIBUTES = (Public, ); }; };
		27CDEC2A13C67D3500C979BB /* RESTOperation.h in Headers */ = {isa = PBXBuildFile; fileRef = 278B22FD138F32CB00DDD950 /* RESTOperation.h */; settings = {ATTRIBUTES = (Public, ); }; };
		27CDEC2B13C67D3500C979BB /* RESTBody.h in Headers */ = {isa = PBXBuildFile; fileRef = 27A57B3B1397E6FB002776DB /* RESTBody.h */; settings = {ATTRIBUTES = (Public, ); }; };
		27CDEC2C13C67D3500C979BB /* RESTCache.h in Headers */ = {isa = PBXBuildFile; fileRef = 2781242B13AC265A0051A99D /* RESTCache.h */; settings = {ATTRIBUTES = (Public, ); }; };
		27CDEC2D13C67D3500C979BB /* REST.h in Headers */ = {isa = PBXBuildFile; fileRef = 270A664413A5BA4600791F4A /* REST.h */; settings = {ATTRIBUTES = (Public, ); }; };
		27CDEC2E13C67D3500C979BB /* CouchServer.h in Headers */ = {isa = PBXBuildFile; fileRef = 278B22F1138F1F5F00DDD950 /* CouchServer.h */; settings = {ATTRIBUTES = (Public, ); }; };
		27CDEC2F13C67D3500C979BB /* CouchDatabase.h in Headers */ = {isa = PBXBuildFile; fileRef = 278B22F4138F269200DDD950 /* CouchDatabase.h */; settings = {ATTRIBUTES = (Public, ); }; };
		27CDEC3013C67D3500C979BB /* CouchDocument.h in Headers */ = {isa = PBXBuildFile; fileRef = 278B22F7138F2AA600DDD950 /* CouchDocument.h */; settings = {ATTRIBUTES = (Public, ); }; };
		27CDEC3113C67D3500C979BB /* CouchRevision.h in Headers */ = {isa = PBXBuildFile; fileRef = 2739BF2013BAB411004829CD /* CouchRevision.h */; settings = {ATTRIBUTES = (Public, ); }; };
		27CDEC3213C67D3500C979BB /* CouchAttachment.h in Headers */ = {isa = PBXBuildFile; fileRef = 278B22FA138F320A00DDD950 /* CouchAttachment.h */; settings = {ATTRIBUTES = (Public, ); }; };
		27CDEC3313C67D3500C979BB /* CouchDesignDocument.h in Headers */ = {isa = PBXBuildFile; fileRef = 27BB781613A08B520069ABA7 /* CouchDesignDocument.h */; settings = {ATTRIBUTES = (Public, ); }; };
		27CDEC3413C67D3500C979BB /* CouchQuery.h in Headers */ = {isa = PBXBuildFile; fileRef = 278B275E1394225600DDD950 /* CouchQuery.h */; settings = {ATTRIBUTES = (Public, ); }; };
		27CDEC3513C67D3500C979BB /* CouchResource.h in Headers */ = {isa = PBXBuildFile; fileRef = 278B24CA1392EE3600DDD950 /* CouchResource.h */; settings = {ATTRIBUTES = (Public, ); }; };
		27CDEC3613C67D3500C979BB /* CouchCocoa.h in Headers */ = {isa = PBXBuildFile; fileRef = 270A663C13A5B3DF00791F4A /* CouchCocoa.h */; settings = {ATTRIBUTES = (Public, ); }; };
		27CDEC3713C67E1600C979BB /* Test_REST.m in Sources */ = {isa = PBXBuildFile; fileRef = 272E9D9313A2EBE0009F18E9 /* Test_REST.m */; };
		27CDEC3813C67E1A00C979BB /* Test_Couch.m in Sources */ = {isa = PBXBuildFile; fileRef = 270A663A13A5B36900791F4A /* Test_Couch.m */; };
		27CDEC3A13C6841E00C979BB /* CouchCocoa.framework in Frameworks */ = {isa = PBXBuildFile; fileRef = 27CDEBF113C67C9B00C979BB /* CouchCocoa.framework */; };
		27EEA59A13D602EA00D7ACA4 /* CoreFoundation.framework in Frameworks */ = {isa = PBXBuildFile; fileRef = 27EEA59913D602EA00D7ACA4 /* CoreFoundation.framework */; };
		27EEA5A913D604F500D7ACA4 /* RESTResource.h in Headers */ = {isa = PBXBuildFile; fileRef = 278B231A13916F1400DDD950 /* RESTResource.h */; settings = {ATTRIBUTES = (Public, ); }; };
		27EEA5AA13D604F800D7ACA4 /* RESTOperation.h in Headers */ = {isa = PBXBuildFile; fileRef = 278B22FD138F32CB00DDD950 /* RESTOperation.h */; settings = {ATTRIBUTES = (Public, ); }; };
		27EEA5AB13D604FC00D7ACA4 /* RESTBody.h in Headers */ = {isa = PBXBuildFile; fileRef = 27A57B3B1397E6FB002776DB /* RESTBody.h */; settings = {ATTRIBUTES = (Public, ); }; };
		27EEA5AC13D6050000D7ACA4 /* RESTCache.h in Headers */ = {isa = PBXBuildFile; fileRef = 2781242B13AC265A0051A99D /* RESTCache.h */; settings = {ATTRIBUTES = (Public, ); }; };
		27EEA5AD13D6050600D7ACA4 /* CouchServer.h in Headers */ = {isa = PBXBuildFile; fileRef = 278B22F1138F1F5F00DDD950 /* CouchServer.h */; settings = {ATTRIBUTES = (Public, ); }; };
		27EEA5AE13D6050C00D7ACA4 /* CouchDatabase.h in Headers */ = {isa = PBXBuildFile; fileRef = 278B22F4138F269200DDD950 /* CouchDatabase.h */; settings = {ATTRIBUTES = (Public, ); }; };
		27EEA5AF13D6050F00D7ACA4 /* CouchDocument.h in Headers */ = {isa = PBXBuildFile; fileRef = 278B22F7138F2AA600DDD950 /* CouchDocument.h */; settings = {ATTRIBUTES = (Public, ); }; };
		27EEA5B013D6051100D7ACA4 /* CouchRevision.h in Headers */ = {isa = PBXBuildFile; fileRef = 2739BF2013BAB411004829CD /* CouchRevision.h */; settings = {ATTRIBUTES = (Public, ); }; };
		27EEA5B113D6051300D7ACA4 /* CouchAttachment.h in Headers */ = {isa = PBXBuildFile; fileRef = 278B22FA138F320A00DDD950 /* CouchAttachment.h */; settings = {ATTRIBUTES = (Public, ); }; };
		27EEA5B213D6051600D7ACA4 /* CouchDesignDocument.h in Headers */ = {isa = PBXBuildFile; fileRef = 27BB781613A08B520069ABA7 /* CouchDesignDocument.h */; settings = {ATTRIBUTES = (Public, ); }; };
		27EEA5B313D6051800D7ACA4 /* CouchQuery.h in Headers */ = {isa = PBXBuildFile; fileRef = 278B275E1394225600DDD950 /* CouchQuery.h */; settings = {ATTRIBUTES = (Public, ); }; };
		27EEA5B413D6051B00D7ACA4 /* CouchResource.h in Headers */ = {isa = PBXBuildFile; fileRef = 278B24CA1392EE3600DDD950 /* CouchResource.h */; settings = {ATTRIBUTES = (Public, ); }; };
		27EEA5B513D6052000D7ACA4 /* CouchCocoa.h in Headers */ = {isa = PBXBuildFile; fileRef = 270A663C13A5B3DF00791F4A /* CouchCocoa.h */; settings = {ATTRIBUTES = (Public, ); }; };
		27EEA5B613D6052300D7ACA4 /* REST.h in Headers */ = {isa = PBXBuildFile; fileRef = 270A664413A5BA4600791F4A /* REST.h */; settings = {ATTRIBUTES = (Public, ); }; };
		27EF148C1396D8CC0052913E /* DemoAppController.m in Sources */ = {isa = PBXBuildFile; fileRef = 27EF148B1396D8CC0052913E /* DemoAppController.m */; };
		27EF14B31396DD3B0052913E /* AddressesDemo.xib in Resources */ = {isa = PBXBuildFile; fileRef = 27EF14B21396DD3B0052913E /* AddressesDemo.xib */; };
/* End PBXBuildFile section */

/* Begin PBXContainerItemProxy section */
		2739BF3D13BCE53C004829CD /* PBXContainerItemProxy */ = {
			isa = PBXContainerItemProxy;
			containerPortal = 08FB7793FE84155DC02AAC07 /* Project object */;
			proxyType = 1;
			remoteGlobalIDString = 2739BF2A13BCE53B004829CD;
			remoteInfo = "iOS Library";
		};
		27CDEC0613C67C9B00C979BB /* PBXContainerItemProxy */ = {
			isa = PBXContainerItemProxy;
			containerPortal = 08FB7793FE84155DC02AAC07 /* Project object */;
			proxyType = 1;
			remoteGlobalIDString = 27CDEBF013C67C9B00C979BB;
			remoteInfo = CouchAPI;
		};
		27EEA5A513D604C000D7ACA4 /* PBXContainerItemProxy */ = {
			isa = PBXContainerItemProxy;
			containerPortal = 08FB7793FE84155DC02AAC07 /* Project object */;
			proxyType = 1;
			remoteGlobalIDString = 2739BF2A13BCE53B004829CD;
			remoteInfo = "iOS Library";
		};
/* End PBXContainerItemProxy section */

/* Begin PBXCopyFilesBuildPhase section */
		2784E1B813CE5249009CC5C8 /* CopyFiles */ = {
			isa = PBXCopyFilesBuildPhase;
			buildActionMask = 2147483647;
			dstPath = "";
			dstSubfolderSpec = 10;
			files = (
				2725993A13D8CEB7006E391E /* CouchCocoa.framework in CopyFiles */,
			);
			runOnlyForDeploymentPostprocessing = 0;
		};
		27A57840139748D2002776DB /* CopyFiles */ = {
			isa = PBXCopyFilesBuildPhase;
			buildActionMask = 2147483647;
			dstPath = "";
			dstSubfolderSpec = 10;
			files = (
				2725993913D8B43F006E391E /* CouchCocoa.framework in CopyFiles */,
			);
			runOnlyForDeploymentPostprocessing = 0;
		};
/* End PBXCopyFilesBuildPhase section */

/* Begin PBXFileReference section */
		270A663A13A5B36900791F4A /* Test_Couch.m */ = {isa = PBXFileReference; fileEncoding = 4; lastKnownFileType = sourcecode.c.objc; lineEnding = 0; path = Test_Couch.m; sourceTree = "<group>"; xcLanguageSpecificationIdentifier = xcode.lang.objc; };
		270A663C13A5B3DF00791F4A /* CouchCocoa.h */ = {isa = PBXFileReference; lastKnownFileType = sourcecode.c.h; path = CouchCocoa.h; sourceTree = "<group>"; };
		270A664413A5BA4600791F4A /* REST.h */ = {isa = PBXFileReference; lastKnownFileType = sourcecode.c.h; path = REST.h; sourceTree = "<group>"; };
		272E9D8313A2EBDF009F18E9 /* SenTestingKit.framework */ = {isa = PBXFileReference; lastKnownFileType = wrapper.framework; name = SenTestingKit.framework; path = Library/Frameworks/SenTestingKit.framework; sourceTree = DEVELOPER_DIR; };
		272E9D9313A2EBE0009F18E9 /* Test_REST.m */ = {isa = PBXFileReference; lastKnownFileType = sourcecode.c.objc; path = Test_REST.m; sourceTree = "<group>"; };
		2730940D13C68E080093857D /* en */ = {isa = PBXFileReference; lastKnownFileType = text.plist.strings; name = en; path = en.lproj/InfoPlist.strings; sourceTree = "<group>"; };
		273175A313CBA6B7000FF426 /* Doxyfile */ = {isa = PBXFileReference; explicitFileType = text.script; path = Doxyfile; sourceTree = "<group>"; xcLanguageSpecificationIdentifier = xcode.lang.sh; };
		27333BCA13B7E61700EF5A10 /* CouchInternal.h */ = {isa = PBXFileReference; fileEncoding = 4; lastKnownFileType = sourcecode.c.h; path = CouchInternal.h; sourceTree = "<group>"; };
		2739BF2013BAB411004829CD /* CouchRevision.h */ = {isa = PBXFileReference; fileEncoding = 4; lastKnownFileType = sourcecode.c.h; path = CouchRevision.h; sourceTree = "<group>"; };
		2739BF2113BAB412004829CD /* CouchRevision.m */ = {isa = PBXFileReference; fileEncoding = 4; lastKnownFileType = sourcecode.c.objc; path = CouchRevision.m; sourceTree = "<group>"; };
		2739BF2B13BCE53B004829CD /* libCouchCocoa.a */ = {isa = PBXFileReference; explicitFileType = archive.ar; includeInIndex = 0; path = libCouchCocoa.a; sourceTree = BUILT_PRODUCTS_DIR; };
		2739BF2C13BCE53B004829CD /* Foundation.framework */ = {isa = PBXFileReference; lastKnownFileType = wrapper.framework; name = Foundation.framework; path = System/Library/Frameworks/Foundation.framework; sourceTree = SDKROOT; };
		2739BF3613BCE53C004829CD /* iOS Tests.octest */ = {isa = PBXFileReference; explicitFileType = wrapper.cfbundle; includeInIndex = 0; path = "iOS Tests.octest"; sourceTree = BUILT_PRODUCTS_DIR; };
		2739BF3813BCE53C004829CD /* UIKit.framework */ = {isa = PBXFileReference; lastKnownFileType = wrapper.framework; name = UIKit.framework; path = Library/Frameworks/UIKit.framework; sourceTree = DEVELOPER_DIR; };
		2739BF3B13BCE53C004829CD /* CoreGraphics.framework */ = {isa = PBXFileReference; lastKnownFileType = wrapper.framework; name = CoreGraphics.framework; path = Library/Frameworks/CoreGraphics.framework; sourceTree = DEVELOPER_DIR; };
		2759A0B613E0907000866098 /* libcrypto-iphonesimulator.a */ = {isa = PBXFileReference; lastKnownFileType = archive.ar; name = "libcrypto-iphonesimulator.a"; path = "../iOS-Couchbase/MobileCouchbase/Vendor/ios-openssl/lib/libcrypto-iphonesimulator.a"; sourceTree = "<group>"; };
		2781242213AC1B2F0051A99D /* JSONKit.h */ = {isa = PBXFileReference; fileEncoding = 4; lastKnownFileType = sourcecode.c.h; name = JSONKit.h; path = Vendor/JSONKit/JSONKit.h; sourceTree = SOURCE_ROOT; };
		2781242313AC1B2F0051A99D /* JSONKit.m */ = {isa = PBXFileReference; fileEncoding = 4; lastKnownFileType = sourcecode.c.objc; name = JSONKit.m; path = Vendor/JSONKit/JSONKit.m; sourceTree = SOURCE_ROOT; };
		2781242B13AC265A0051A99D /* RESTCache.h */ = {isa = PBXFileReference; fileEncoding = 4; lastKnownFileType = sourcecode.c.h; path = RESTCache.h; sourceTree = "<group>"; };
		2781242C13AC265A0051A99D /* RESTCache.m */ = {isa = PBXFileReference; fileEncoding = 4; lastKnownFileType = sourcecode.c.objc; path = RESTCache.m; sourceTree = "<group>"; };
		2781244413AFA6CD0051A99D /* CouchChangeTracker.h */ = {isa = PBXFileReference; fileEncoding = 4; lastKnownFileType = sourcecode.c.h; path = CouchChangeTracker.h; sourceTree = "<group>"; };
		2781244513AFA6CD0051A99D /* CouchChangeTracker.m */ = {isa = PBXFileReference; fileEncoding = 4; lastKnownFileType = sourcecode.c.objc; lineEnding = 0; path = CouchChangeTracker.m; sourceTree = "<group>"; xcLanguageSpecificationIdentifier = xcode.lang.objc; };
		2784E1BC13CE5249009CC5C8 /* Shopping.app */ = {isa = PBXFileReference; explicitFileType = wrapper.application; includeInIndex = 0; path = Shopping.app; sourceTree = BUILT_PRODUCTS_DIR; };
		2784E1C113CE52FE009CC5C8 /* ShoppingDemo.xib */ = {isa = PBXFileReference; fileEncoding = 4; lastKnownFileType = file.xib; name = ShoppingDemo.xib; path = Demo/ShoppingDemo.xib; sourceTree = SOURCE_ROOT; };
		27853EF413DF6F5E00478EBB /* libcrypto.dylib */ = {isa = PBXFileReference; lastKnownFileType = "compiled.mach-o.dylib"; name = libcrypto.dylib; path = usr/lib/libcrypto.dylib; sourceTree = SDKROOT; };
		278B22F1138F1F5F00DDD950 /* CouchServer.h */ = {isa = PBXFileReference; fileEncoding = 4; lastKnownFileType = sourcecode.c.h; path = CouchServer.h; sourceTree = "<group>"; };
		278B22F2138F1F5F00DDD950 /* CouchServer.m */ = {isa = PBXFileReference; fileEncoding = 4; lastKnownFileType = sourcecode.c.objc; path = CouchServer.m; sourceTree = "<group>"; };
		278B22F4138F269200DDD950 /* CouchDatabase.h */ = {isa = PBXFileReference; fileEncoding = 4; lastKnownFileType = sourcecode.c.h; path = CouchDatabase.h; sourceTree = "<group>"; };
		278B22F5138F269200DDD950 /* CouchDatabase.m */ = {isa = PBXFileReference; fileEncoding = 4; lastKnownFileType = sourcecode.c.objc; lineEnding = 0; path = CouchDatabase.m; sourceTree = "<group>"; xcLanguageSpecificationIdentifier = xcode.lang.objc; };
		278B22F7138F2AA600DDD950 /* CouchDocument.h */ = {isa = PBXFileReference; fileEncoding = 4; lastKnownFileType = sourcecode.c.h; path = CouchDocument.h; sourceTree = "<group>"; };
		278B22F8138F2AA600DDD950 /* CouchDocument.m */ = {isa = PBXFileReference; fileEncoding = 4; lastKnownFileType = sourcecode.c.objc; path = CouchDocument.m; sourceTree = "<group>"; };
		278B22FA138F320A00DDD950 /* CouchAttachment.h */ = {isa = PBXFileReference; fileEncoding = 4; lastKnownFileType = sourcecode.c.h; path = CouchAttachment.h; sourceTree = "<group>"; };
		278B22FB138F320A00DDD950 /* CouchAttachment.m */ = {isa = PBXFileReference; fileEncoding = 4; lastKnownFileType = sourcecode.c.objc; lineEnding = 0; path = CouchAttachment.m; sourceTree = "<group>"; xcLanguageSpecificationIdentifier = xcode.lang.objc; };
		278B22FD138F32CB00DDD950 /* RESTOperation.h */ = {isa = PBXFileReference; fileEncoding = 4; lastKnownFileType = sourcecode.c.h; path = RESTOperation.h; sourceTree = "<group>"; };
		278B22FE138F32CB00DDD950 /* RESTOperation.m */ = {isa = PBXFileReference; fileEncoding = 4; lastKnownFileType = sourcecode.c.objc; path = RESTOperation.m; sourceTree = "<group>"; };
		278B231A13916F1400DDD950 /* RESTResource.h */ = {isa = PBXFileReference; fileEncoding = 4; lastKnownFileType = sourcecode.c.h; path = RESTResource.h; sourceTree = "<group>"; };
		278B231B13916F1400DDD950 /* RESTResource.m */ = {isa = PBXFileReference; fileEncoding = 4; lastKnownFileType = sourcecode.c.objc; path = RESTResource.m; sourceTree = "<group>"; };
		278B24CA1392EE3600DDD950 /* CouchResource.h */ = {isa = PBXFileReference; fileEncoding = 4; lastKnownFileType = sourcecode.c.h; path = CouchResource.h; sourceTree = "<group>"; };
		278B24CB1392EE3600DDD950 /* CouchResource.m */ = {isa = PBXFileReference; fileEncoding = 4; lastKnownFileType = sourcecode.c.objc; path = CouchResource.m; sourceTree = "<group>"; };
		278B275E1394225600DDD950 /* CouchQuery.h */ = {isa = PBXFileReference; fileEncoding = 4; lastKnownFileType = sourcecode.c.h; path = CouchQuery.h; sourceTree = "<group>"; };
		278B275F1394225600DDD950 /* CouchQuery.m */ = {isa = PBXFileReference; fileEncoding = 4; lastKnownFileType = sourcecode.c.objc; lineEnding = 0; path = CouchQuery.m; sourceTree = "<group>"; xcLanguageSpecificationIdentifier = xcode.lang.objc; };
		27A577A613970959002776DB /* DemoQuery.h */ = {isa = PBXFileReference; fileEncoding = 4; lastKnownFileType = sourcecode.c.h; path = DemoQuery.h; sourceTree = "<group>"; };
		27A577A713970959002776DB /* DemoQuery.m */ = {isa = PBXFileReference; fileEncoding = 4; lastKnownFileType = sourcecode.c.objc; path = DemoQuery.m; sourceTree = "<group>"; };
		27A577DD13970D94002776DB /* DemoItem.h */ = {isa = PBXFileReference; fileEncoding = 4; lastKnownFileType = sourcecode.c.h; path = DemoItem.h; sourceTree = "<group>"; };
		27A577DE13970D94002776DB /* DemoItem.m */ = {isa = PBXFileReference; fileEncoding = 4; lastKnownFileType = sourcecode.c.objc; path = DemoItem.m; sourceTree = "<group>"; };
		27A5792913974B65002776DB /* Cocoa.framework */ = {isa = PBXFileReference; lastKnownFileType = wrapper.framework; name = Cocoa.framework; path = System/Library/Frameworks/Cocoa.framework; sourceTree = SDKROOT; };
		27A57B3B1397E6FB002776DB /* RESTBody.h */ = {isa = PBXFileReference; fileEncoding = 4; lastKnownFileType = sourcecode.c.h; path = RESTBody.h; sourceTree = "<group>"; };
		27A57B3C1397E6FB002776DB /* RESTBody.m */ = {isa = PBXFileReference; fileEncoding = 4; lastKnownFileType = sourcecode.c.objc; path = RESTBody.m; sourceTree = "<group>"; };
		27BB781613A08B520069ABA7 /* CouchDesignDocument.h */ = {isa = PBXFileReference; fileEncoding = 4; lastKnownFileType = sourcecode.c.h; path = CouchDesignDocument.h; sourceTree = "<group>"; };
		27BB781713A08B520069ABA7 /* CouchDesignDocument.m */ = {isa = PBXFileReference; fileEncoding = 4; lastKnownFileType = sourcecode.c.objc; path = CouchDesignDocument.m; sourceTree = "<group>"; };
		27C727FA13EB237200C7ADF5 /* CouchUITableSource.h */ = {isa = PBXFileReference; fileEncoding = 4; lastKnownFileType = sourcecode.c.h; path = CouchUITableSource.h; sourceTree = "<group>"; };
		27C727FB13EB237200C7ADF5 /* CouchUITableSource.m */ = {isa = PBXFileReference; fileEncoding = 4; lastKnownFileType = sourcecode.c.objc; path = CouchUITableSource.m; sourceTree = "<group>"; };
		27CDEBF113C67C9B00C979BB /* CouchCocoa.framework */ = {isa = PBXFileReference; explicitFileType = wrapper.framework; includeInIndex = 0; path = CouchCocoa.framework; sourceTree = BUILT_PRODUCTS_DIR; };
		27CDEBF413C67C9B00C979BB /* AppKit.framework */ = {isa = PBXFileReference; lastKnownFileType = wrapper.framework; name = AppKit.framework; path = System/Library/Frameworks/AppKit.framework; sourceTree = SDKROOT; };
		27CDEBF513C67C9B00C979BB /* CoreData.framework */ = {isa = PBXFileReference; lastKnownFileType = wrapper.framework; name = CoreData.framework; path = System/Library/Frameworks/CoreData.framework; sourceTree = SDKROOT; };
		27CDEBF613C67C9B00C979BB /* Foundation.framework */ = {isa = PBXFileReference; lastKnownFileType = wrapper.framework; name = Foundation.framework; path = System/Library/Frameworks/Foundation.framework; sourceTree = SDKROOT; };
		27CDEBF913C67C9B00C979BB /* CouchCocoa-Info.plist */ = {isa = PBXFileReference; lastKnownFileType = text.plist.xml; path = "CouchCocoa-Info.plist"; sourceTree = "<group>"; };
		27CDEC0313C67C9B00C979BB /* Mac Tests.octest */ = {isa = PBXFileReference; explicitFileType = wrapper.cfbundle; includeInIndex = 0; path = "Mac Tests.octest"; sourceTree = BUILT_PRODUCTS_DIR; };
		27CDEC3913C6806400C979BB /* CouchPrefix.pch */ = {isa = PBXFileReference; lastKnownFileType = sourcecode.c.h; path = CouchPrefix.pch; sourceTree = "<group>"; };
		27D5997813CE404300694B37 /* README.md */ = {isa = PBXFileReference; lastKnownFileType = text; path = README.md; sourceTree = "<group>"; };
		27DA430413B659A900BBADB7 /* RESTInternal.h */ = {isa = PBXFileReference; fileEncoding = 4; lastKnownFileType = sourcecode.c.h; path = RESTInternal.h; sourceTree = "<group>"; };
		27DA430513B659A900BBADB7 /* RESTInternal.m */ = {isa = PBXFileReference; fileEncoding = 4; lastKnownFileType = sourcecode.c.objc; path = RESTInternal.m; sourceTree = "<group>"; };
		27EEA59813D602EA00D7ACA4 /* CouchCocoa.framework */ = {isa = PBXFileReference; explicitFileType = wrapper.cfbundle; includeInIndex = 0; path = CouchCocoa.framework; sourceTree = BUILT_PRODUCTS_DIR; };
		27EEA59913D602EA00D7ACA4 /* CoreFoundation.framework */ = {isa = PBXFileReference; lastKnownFileType = wrapper.framework; name = CoreFoundation.framework; path = System/Library/Frameworks/CoreFoundation.framework; sourceTree = SDKROOT; };
		27EF14771396D7BA0052913E /* Addresses.app */ = {isa = PBXFileReference; explicitFileType = wrapper.application; includeInIndex = 0; path = Addresses.app; sourceTree = BUILT_PRODUCTS_DIR; };
		27EF14791396D7BA0052913E /* AddressesDemo-Info.plist */ = {isa = PBXFileReference; lastKnownFileType = text.plist.xml; path = "AddressesDemo-Info.plist"; sourceTree = "<group>"; };
		27EF148A1396D8CC0052913E /* DemoAppController.h */ = {isa = PBXFileReference; fileEncoding = 4; lastKnownFileType = sourcecode.c.h; path = DemoAppController.h; sourceTree = "<group>"; };
		27EF148B1396D8CC0052913E /* DemoAppController.m */ = {isa = PBXFileReference; fileEncoding = 4; lastKnownFileType = sourcecode.c.objc; path = DemoAppController.m; sourceTree = "<group>"; };
		27EF14B21396DD3B0052913E /* AddressesDemo.xib */ = {isa = PBXFileReference; lastKnownFileType = file.xib; path = AddressesDemo.xib; sourceTree = "<group>"; };
		27EFB7BD13CF66FD00FA1485 /* ShoppingDemo-Info.plist */ = {isa = PBXFileReference; fileEncoding = 4; lastKnownFileType = text.plist.xml; name = "ShoppingDemo-Info.plist"; path = "Demo/ShoppingDemo-Info.plist"; sourceTree = SOURCE_ROOT; };
/* End PBXFileReference section */

/* Begin PBXFrameworksBuildPhase section */
		2739BF2813BCE53B004829CD /* Frameworks */ = {
			isa = PBXFrameworksBuildPhase;
			buildActionMask = 2147483647;
			files = (
				2739BF2D13BCE53B004829CD /* Foundation.framework in Frameworks */,
			);
			runOnlyForDeploymentPostprocessing = 0;
		};
		2739BF3213BCE53C004829CD /* Frameworks */ = {
			isa = PBXFrameworksBuildPhase;
			buildActionMask = 2147483647;
			files = (
				2739BF3713BCE53C004829CD /* SenTestingKit.framework in Frameworks */,
				2739BF3913BCE53C004829CD /* UIKit.framework in Frameworks */,
				2739BF3A13BCE53C004829CD /* Foundation.framework in Frameworks */,
				2739BF3C13BCE53C004829CD /* CoreGraphics.framework in Frameworks */,
				2739BF3F13BCE53C004829CD /* libCouchCocoa.a in Frameworks */,
				2759A0B713E0907000866098 /* libcrypto-iphonesimulator.a in Frameworks */,
			);
			runOnlyForDeploymentPostprocessing = 0;
		};
		2784E1B513CE5249009CC5C8 /* Frameworks */ = {
			isa = PBXFrameworksBuildPhase;
			buildActionMask = 2147483647;
			files = (
				2784E1B613CE5249009CC5C8 /* CouchCocoa.framework in Frameworks */,
				2784E1B713CE5249009CC5C8 /* Cocoa.framework in Frameworks */,
			);
			runOnlyForDeploymentPostprocessing = 0;
		};
		27CDEBED13C67C9B00C979BB /* Frameworks */ = {
			isa = PBXFrameworksBuildPhase;
			buildActionMask = 2147483647;
			files = (
				27853EF513DF6F5E00478EBB /* libcrypto.dylib in Frameworks */,
				27CDEC2813C67D1100C979BB /* Foundation.framework in Frameworks */,
			);
			runOnlyForDeploymentPostprocessing = 0;
		};
		27CDEBFF13C67C9B00C979BB /* Frameworks */ = {
			isa = PBXFrameworksBuildPhase;
			buildActionMask = 2147483647;
			files = (
				27CDEC0413C67C9B00C979BB /* SenTestingKit.framework in Frameworks */,
				27CDEC0513C67C9B00C979BB /* Cocoa.framework in Frameworks */,
				27CDEC0813C67C9B00C979BB /* CouchCocoa.framework in Frameworks */,
			);
			runOnlyForDeploymentPostprocessing = 0;
		};
		27EEA59513D602EA00D7ACA4 /* Frameworks */ = {
			isa = PBXFrameworksBuildPhase;
			buildActionMask = 2147483647;
			files = (
				27EEA59A13D602EA00D7ACA4 /* CoreFoundation.framework in Frameworks */,
			);
			runOnlyForDeploymentPostprocessing = 0;
		};
		27EF14751396D7BA0052913E /* Frameworks */ = {
			isa = PBXFrameworksBuildPhase;
			buildActionMask = 2147483647;
			files = (
				27CDEC3A13C6841E00C979BB /* CouchCocoa.framework in Frameworks */,
				27A579B313974E41002776DB /* Cocoa.framework in Frameworks */,
			);
			runOnlyForDeploymentPostprocessing = 0;
		};
/* End PBXFrameworksBuildPhase section */

/* Begin PBXGroup section */
		08FB7794FE84155DC02AAC07 /* Couch */ = {
			isa = PBXGroup;
			children = (
				278B231E1391724E00DDD950 /* REST */,
				08FB7795FE84155DC02AAC07 /* Couch */,
				27C727F713EB232700C7ADF5 /* UI */,
				272E9D8B13A2EBE0009F18E9 /* Test */,
				27EF147F1396D7CD0052913E /* Demo */,
				273175A313CBA6B7000FF426 /* Doxyfile */,
				27D5997813CE404300694B37 /* README.md */,
				27A57A51139751B2002776DB /* JSONKit */,
				27CDEBF713C67C9B00C979BB /* Resources */,
				272E9D8213A2EBDF009F18E9 /* Frameworks */,
				1AB674ADFE9D54B511CA2CBB /* Products */,
			);
			name = Couch;
			sourceTree = "<group>";
		};
		08FB7795FE84155DC02AAC07 /* Couch */ = {
			isa = PBXGroup;
			children = (
				278B22F1138F1F5F00DDD950 /* CouchServer.h */,
				278B22F2138F1F5F00DDD950 /* CouchServer.m */,
				278B22F4138F269200DDD950 /* CouchDatabase.h */,
				278B22F5138F269200DDD950 /* CouchDatabase.m */,
				278B22F7138F2AA600DDD950 /* CouchDocument.h */,
				278B22F8138F2AA600DDD950 /* CouchDocument.m */,
				2739BF2013BAB411004829CD /* CouchRevision.h */,
				2739BF2113BAB412004829CD /* CouchRevision.m */,
				278B22FA138F320A00DDD950 /* CouchAttachment.h */,
				278B22FB138F320A00DDD950 /* CouchAttachment.m */,
				27BB781613A08B520069ABA7 /* CouchDesignDocument.h */,
				27BB781713A08B520069ABA7 /* CouchDesignDocument.m */,
				278B275E1394225600DDD950 /* CouchQuery.h */,
				278B275F1394225600DDD950 /* CouchQuery.m */,
				278B24CA1392EE3600DDD950 /* CouchResource.h */,
				278B24CB1392EE3600DDD950 /* CouchResource.m */,
				270A663C13A5B3DF00791F4A /* CouchCocoa.h */,
				27333BCB13B7E70100EF5A10 /* Internal */,
			);
			path = Couch;
			sourceTree = "<group>";
		};
		1AB674ADFE9D54B511CA2CBB /* Products */ = {
			isa = PBXGroup;
			children = (
				27EF14771396D7BA0052913E /* Addresses.app */,
				2739BF2B13BCE53B004829CD /* libCouchCocoa.a */,
				2739BF3613BCE53C004829CD /* iOS Tests.octest */,
				27CDEBF113C67C9B00C979BB /* CouchCocoa.framework */,
				27CDEC0313C67C9B00C979BB /* Mac Tests.octest */,
				2784E1BC13CE5249009CC5C8 /* Shopping.app */,
				27EEA59813D602EA00D7ACA4 /* CouchCocoa.framework */,
			);
			name = Products;
			sourceTree = "<group>";
		};
		272E9D8213A2EBDF009F18E9 /* Frameworks */ = {
			isa = PBXGroup;
			children = (
				272E9D8313A2EBDF009F18E9 /* SenTestingKit.framework */,
				27A5792913974B65002776DB /* Cocoa.framework */,
				2739BF2C13BCE53B004829CD /* Foundation.framework */,
				2739BF3813BCE53C004829CD /* UIKit.framework */,
				2739BF3B13BCE53C004829CD /* CoreGraphics.framework */,
				27EEA59913D602EA00D7ACA4 /* CoreFoundation.framework */,
				27CDEBF313C67C9B00C979BB /* Other Frameworks */,
				27853EF413DF6F5E00478EBB /* libcrypto.dylib */,
				2759A0B613E0907000866098 /* libcrypto-iphonesimulator.a */,
			);
			name = Frameworks;
			sourceTree = "<group>";
		};
		272E9D8B13A2EBE0009F18E9 /* Test */ = {
			isa = PBXGroup;
			children = (
				272E9D9313A2EBE0009F18E9 /* Test_REST.m */,
				270A663A13A5B36900791F4A /* Test_Couch.m */,
			);
			path = Test;
			sourceTree = "<group>";
		};
		27333BCB13B7E70100EF5A10 /* Internal */ = {
			isa = PBXGroup;
			children = (
				27333BCA13B7E61700EF5A10 /* CouchInternal.h */,
				2781244413AFA6CD0051A99D /* CouchChangeTracker.h */,
				2781244513AFA6CD0051A99D /* CouchChangeTracker.m */,
				27CDEC3913C6806400C979BB /* CouchPrefix.pch */,
			);
			name = Internal;
			sourceTree = "<group>";
		};
		27333BCC13B7EB0000EF5A10 /* Internal */ = {
			isa = PBXGroup;
			children = (
				27DA430413B659A900BBADB7 /* RESTInternal.h */,
				27DA430513B659A900BBADB7 /* RESTInternal.m */,
			);
			name = Internal;
			sourceTree = "<group>";
		};
		278B231E1391724E00DDD950 /* REST */ = {
			isa = PBXGroup;
			children = (
				278B231A13916F1400DDD950 /* RESTResource.h */,
				278B231B13916F1400DDD950 /* RESTResource.m */,
				278B22FD138F32CB00DDD950 /* RESTOperation.h */,
				278B22FE138F32CB00DDD950 /* RESTOperation.m */,
				27A57B3B1397E6FB002776DB /* RESTBody.h */,
				27A57B3C1397E6FB002776DB /* RESTBody.m */,
				2781242B13AC265A0051A99D /* RESTCache.h */,
				2781242C13AC265A0051A99D /* RESTCache.m */,
				270A664413A5BA4600791F4A /* REST.h */,
				27333BCC13B7EB0000EF5A10 /* Internal */,
			);
			path = REST;
			sourceTree = "<group>";
		};
		27A57A51139751B2002776DB /* JSONKit */ = {
			isa = PBXGroup;
			children = (
				2781242213AC1B2F0051A99D /* JSONKit.h */,
				2781242313AC1B2F0051A99D /* JSONKit.m */,
			);
			name = JSONKit;
			path = Vendor/JSONKit;
			sourceTree = "<group>";
		};
		27C727F713EB232700C7ADF5 /* UI */ = {
			isa = PBXGroup;
			children = (
				27C727F813EB234F00C7ADF5 /* iOS */,
				27C727F913EB234F00C7ADF5 /* Mac */,
			);
			path = UI;
			sourceTree = "<group>";
		};
		27C727F813EB234F00C7ADF5 /* iOS */ = {
			isa = PBXGroup;
			children = (
				27C727FA13EB237200C7ADF5 /* CouchUITableSource.h */,
				27C727FB13EB237200C7ADF5 /* CouchUITableSource.m */,
			);
			path = iOS;
			sourceTree = "<group>";
		};
		27C727F913EB234F00C7ADF5 /* Mac */ = {
			isa = PBXGroup;
			children = (
			);
			path = Mac;
			sourceTree = "<group>";
		};
		27CDEBF313C67C9B00C979BB /* Other Frameworks */ = {
			isa = PBXGroup;
			children = (
				27CDEBF413C67C9B00C979BB /* AppKit.framework */,
				27CDEBF513C67C9B00C979BB /* CoreData.framework */,
				27CDEBF613C67C9B00C979BB /* Foundation.framework */,
			);
			name = "Other Frameworks";
			sourceTree = "<group>";
		};
		27CDEBF713C67C9B00C979BB /* Resources */ = {
			isa = PBXGroup;
			children = (
				27CDEBF913C67C9B00C979BB /* CouchCocoa-Info.plist */,
				2730940C13C68E080093857D /* InfoPlist.strings */,
			);
			path = Resources;
			sourceTree = "<group>";
		};
		27EF147F1396D7CD0052913E /* Demo */ = {
			isa = PBXGroup;
			children = (
				27A577DD13970D94002776DB /* DemoItem.h */,
				27A577DE13970D94002776DB /* DemoItem.m */,
				27A577A613970959002776DB /* DemoQuery.h */,
				27A577A713970959002776DB /* DemoQuery.m */,
				27EF148A1396D8CC0052913E /* DemoAppController.h */,
				27EF148B1396D8CC0052913E /* DemoAppController.m */,
				27EF14B21396DD3B0052913E /* AddressesDemo.xib */,
				27EF14791396D7BA0052913E /* AddressesDemo-Info.plist */,
				2784E1C113CE52FE009CC5C8 /* ShoppingDemo.xib */,
				27EFB7BD13CF66FD00FA1485 /* ShoppingDemo-Info.plist */,
			);
			path = Demo;
			sourceTree = "<group>";
		};
/* End PBXGroup section */

/* Begin PBXHeadersBuildPhase section */
		2739BF2913BCE53B004829CD /* Headers */ = {
			isa = PBXHeadersBuildPhase;
			buildActionMask = 2147483647;
			files = (
			);
			runOnlyForDeploymentPostprocessing = 0;
		};
		27CDEBEE13C67C9B00C979BB /* Headers */ = {
			isa = PBXHeadersBuildPhase;
			buildActionMask = 2147483647;
			files = (
				27CDEC2913C67D3500C979BB /* RESTResource.h in Headers */,
				27CDEC2A13C67D3500C979BB /* RESTOperation.h in Headers */,
				27CDEC2B13C67D3500C979BB /* RESTBody.h in Headers */,
				27CDEC2C13C67D3500C979BB /* RESTCache.h in Headers */,
				27CDEC2D13C67D3500C979BB /* REST.h in Headers */,
				27CDEC2E13C67D3500C979BB /* CouchServer.h in Headers */,
				27CDEC2F13C67D3500C979BB /* CouchDatabase.h in Headers */,
				27CDEC3013C67D3500C979BB /* CouchDocument.h in Headers */,
				27CDEC3113C67D3500C979BB /* CouchRevision.h in Headers */,
				27CDEC3213C67D3500C979BB /* CouchAttachment.h in Headers */,
				27CDEC3313C67D3500C979BB /* CouchDesignDocument.h in Headers */,
				27CDEC3413C67D3500C979BB /* CouchQuery.h in Headers */,
				27CDEC3513C67D3500C979BB /* CouchResource.h in Headers */,
				27CDEC3613C67D3500C979BB /* CouchCocoa.h in Headers */,
			);
			runOnlyForDeploymentPostprocessing = 0;
		};
		27EEA5A813D604E100D7ACA4 /* Headers */ = {
			isa = PBXHeadersBuildPhase;
			buildActionMask = 2147483647;
			files = (
				27EEA5B613D6052300D7ACA4 /* REST.h in Headers */,
				27EEA5A913D604F500D7ACA4 /* RESTResource.h in Headers */,
				27EEA5AA13D604F800D7ACA4 /* RESTOperation.h in Headers */,
				27EEA5AB13D604FC00D7ACA4 /* RESTBody.h in Headers */,
				27EEA5AC13D6050000D7ACA4 /* RESTCache.h in Headers */,
				27EEA5B513D6052000D7ACA4 /* CouchCocoa.h in Headers */,
				27EEA5B013D6051100D7ACA4 /* CouchRevision.h in Headers */,
				27EEA5AF13D6050F00D7ACA4 /* CouchDocument.h in Headers */,
				27EEA5B113D6051300D7ACA4 /* CouchAttachment.h in Headers */,
				27EEA5B213D6051600D7ACA4 /* CouchDesignDocument.h in Headers */,
				27EEA5B313D6051800D7ACA4 /* CouchQuery.h in Headers */,
				27EEA5B413D6051B00D7ACA4 /* CouchResource.h in Headers */,
				27EEA5AD13D6050600D7ACA4 /* CouchServer.h in Headers */,
				27EEA5AE13D6050C00D7ACA4 /* CouchDatabase.h in Headers */,
				27C7280013EB238900C7ADF5 /* CouchUITableSource.h in Headers */,
			);
			runOnlyForDeploymentPostprocessing = 0;
		};
/* End PBXHeadersBuildPhase section */

/* Begin PBXLegacyTarget section */
		2731759A13CBA57B000FF426 /* Documentation */ = {
			isa = PBXLegacyTarget;
			buildArgumentsString = "";
			buildConfigurationList = 2731759B13CBA57B000FF426 /* Build configuration list for PBXLegacyTarget "Documentation" */;
			buildPhases = (
			);
			buildToolPath = /usr/local/bin/doxygen;
			buildWorkingDirectory = "";
			dependencies = (
			);
			name = Documentation;
			passBuildSettingsInEnvironment = 0;
			productName = Documentation;
		};
/* End PBXLegacyTarget section */

/* Begin PBXNativeTarget section */
		2739BF2A13BCE53B004829CD /* iOS Library */ = {
			isa = PBXNativeTarget;
			buildConfigurationList = 2739BF4A13BCE53C004829CD /* Build configuration list for PBXNativeTarget "iOS Library" */;
			buildPhases = (
				2739BF2713BCE53B004829CD /* Sources */,
				2739BF2813BCE53B004829CD /* Frameworks */,
				2739BF2913BCE53B004829CD /* Headers */,
				27EEA5B813D6062900D7ACA4 /* Build Fat Library */,
			);
			buildRules = (
			);
			dependencies = (
			);
			name = "iOS Library";
			productName = "iOS Library";
			productReference = 2739BF2B13BCE53B004829CD /* libCouchCocoa.a */;
			productType = "com.apple.product-type.library.static";
		};
		2739BF3513BCE53C004829CD /* iOS Tests */ = {
			isa = PBXNativeTarget;
			buildConfigurationList = 2739BF4D13BCE53C004829CD /* Build configuration list for PBXNativeTarget "iOS Tests" */;
			buildPhases = (
				2739BF3113BCE53C004829CD /* Sources */,
				2739BF3213BCE53C004829CD /* Frameworks */,
				2739BF3313BCE53C004829CD /* Resources */,
				2739BF3413BCE53C004829CD /* ShellScript */,
			);
			buildRules = (
			);
			dependencies = (
				2739BF3E13BCE53C004829CD /* PBXTargetDependency */,
			);
			name = "iOS Tests";
			productName = "iOS LibraryTests";
			productReference = 2739BF3613BCE53C004829CD /* iOS Tests.octest */;
			productType = "com.apple.product-type.bundle";
		};
		2784E1AE13CE5249009CC5C8 /* Demo-Shopping */ = {
			isa = PBXNativeTarget;
			buildConfigurationList = 2784E1B913CE5249009CC5C8 /* Build configuration list for PBXNativeTarget "Demo-Shopping" */;
			buildPhases = (
				2784E1AF13CE5249009CC5C8 /* Resources */,
				2784E1B113CE5249009CC5C8 /* Sources */,
				2784E1B513CE5249009CC5C8 /* Frameworks */,
				2784E1B813CE5249009CC5C8 /* CopyFiles */,
			);
			buildRules = (
			);
			dependencies = (
			);
			name = "Demo-Shopping";
			productName = CouchDemo;
			productReference = 2784E1BC13CE5249009CC5C8 /* Shopping.app */;
			productType = "com.apple.product-type.application";
		};
		27CDEBF013C67C9B00C979BB /* Mac Framework */ = {
			isa = PBXNativeTarget;
			buildConfigurationList = 27CDEC1313C67C9B00C979BB /* Build configuration list for PBXNativeTarget "Mac Framework" */;
			buildPhases = (
				27CDEBEC13C67C9B00C979BB /* Sources */,
				27CDEBED13C67C9B00C979BB /* Frameworks */,
				27CDEBEE13C67C9B00C979BB /* Headers */,
				27CDEBEF13C67C9B00C979BB /* Resources */,
			);
			buildRules = (
			);
			dependencies = (
			);
			name = "Mac Framework";
			productName = CouchAPI;
			productReference = 27CDEBF113C67C9B00C979BB /* CouchCocoa.framework */;
			productType = "com.apple.product-type.framework";
		};
		27CDEC0213C67C9B00C979BB /* Mac Tests */ = {
			isa = PBXNativeTarget;
			buildConfigurationList = 27CDEC1613C67C9B00C979BB /* Build configuration list for PBXNativeTarget "Mac Tests" */;
			buildPhases = (
				27CDEBFE13C67C9B00C979BB /* Sources */,
				27CDEBFF13C67C9B00C979BB /* Frameworks */,
				27CDEC0013C67C9B00C979BB /* Resources */,
				27CDEC0113C67C9B00C979BB /* ShellScript */,
			);
			buildRules = (
			);
			dependencies = (
				27CDEC0713C67C9B00C979BB /* PBXTargetDependency */,
			);
			name = "Mac Tests";
			productName = CouchAPITests;
			productReference = 27CDEC0313C67C9B00C979BB /* Mac Tests.octest */;
			productType = "com.apple.product-type.bundle";
		};
		27EEA59713D602EA00D7ACA4 /* iOS Framework */ = {
			isa = PBXNativeTarget;
			buildConfigurationList = 27EEA5A413D602EA00D7ACA4 /* Build configuration list for PBXNativeTarget "iOS Framework" */;
			buildPhases = (
				27EEA59413D602EA00D7ACA4 /* Sources */,
				27EEA59513D602EA00D7ACA4 /* Frameworks */,
				27EEA59613D602EA00D7ACA4 /* Resources */,
				27EEA5A813D604E100D7ACA4 /* Headers */,
				27EEA5B713D6054800D7ACA4 /* Copy Library */,
			);
			buildRules = (
			);
			dependencies = (
				27EEA5A613D604C000D7ACA4 /* PBXTargetDependency */,
			);
			name = "iOS Framework";
			productName = Couch.frameworik;
			productReference = 27EEA59813D602EA00D7ACA4 /* CouchCocoa.framework */;
			productType = "com.apple.product-type.bundle";
		};
		27EF14761396D7BA0052913E /* Demo-Addresses */ = {
			isa = PBXNativeTarget;
			buildConfigurationList = 27EF147C1396D7BB0052913E /* Build configuration list for PBXNativeTarget "Demo-Addresses" */;
			buildPhases = (
				27EF14731396D7BA0052913E /* Resources */,
				27EF14741396D7BA0052913E /* Sources */,
				27EF14751396D7BA0052913E /* Frameworks */,
				27A57840139748D2002776DB /* CopyFiles */,
			);
			buildRules = (
			);
			dependencies = (
			);
			name = "Demo-Addresses";
			productName = CouchDemo;
			productReference = 27EF14771396D7BA0052913E /* Addresses.app */;
			productType = "com.apple.product-type.application";
		};
/* End PBXNativeTarget section */

/* Begin PBXProject section */
		08FB7793FE84155DC02AAC07 /* Project object */ = {
			isa = PBXProject;
			attributes = {
				LastUpgradeCheck = 0420;
				ORGANIZATIONNAME = "Couchbase, Inc.";
			};
			buildConfigurationList = 1DEB927808733DD40010E9CD /* Build configuration list for PBXProject "CouchCocoa" */;
			compatibilityVersion = "Xcode 3.2";
			developmentRegion = English;
			hasScannedForEncodings = 1;
			knownRegions = (
				en,
			);
			mainGroup = 08FB7794FE84155DC02AAC07 /* Couch */;
			projectDirPath = "";
			projectRoot = "";
			targets = (
				27CDEBF013C67C9B00C979BB /* Mac Framework */,
				27CDEC0213C67C9B00C979BB /* Mac Tests */,
				27EF14761396D7BA0052913E /* Demo-Addresses */,
				2784E1AE13CE5249009CC5C8 /* Demo-Shopping */,
				27EEA59713D602EA00D7ACA4 /* iOS Framework */,
				2739BF2A13BCE53B004829CD /* iOS Library */,
				2739BF3513BCE53C004829CD /* iOS Tests */,
				2731759A13CBA57B000FF426 /* Documentation */,
			);
		};
/* End PBXProject section */

/* Begin PBXResourcesBuildPhase section */
		2739BF3313BCE53C004829CD /* Resources */ = {
			isa = PBXResourcesBuildPhase;
			buildActionMask = 2147483647;
			files = (
			);
			runOnlyForDeploymentPostprocessing = 0;
		};
		2784E1AF13CE5249009CC5C8 /* Resources */ = {
			isa = PBXResourcesBuildPhase;
			buildActionMask = 2147483647;
			files = (
				2784E1C313CE52FE009CC5C8 /* ShoppingDemo.xib in Resources */,
			);
			runOnlyForDeploymentPostprocessing = 0;
		};
		27CDEBEF13C67C9B00C979BB /* Resources */ = {
			isa = PBXResourcesBuildPhase;
			buildActionMask = 2147483647;
			files = (
				2730940E13C68E080093857D /* InfoPlist.strings in Resources */,
			);
			runOnlyForDeploymentPostprocessing = 0;
		};
		27CDEC0013C67C9B00C979BB /* Resources */ = {
			isa = PBXResourcesBuildPhase;
			buildActionMask = 2147483647;
			files = (
			);
			runOnlyForDeploymentPostprocessing = 0;
		};
		27EEA59613D602EA00D7ACA4 /* Resources */ = {
			isa = PBXResourcesBuildPhase;
			buildActionMask = 2147483647;
			files = (
			);
			runOnlyForDeploymentPostprocessing = 0;
		};
		27EF14731396D7BA0052913E /* Resources */ = {
			isa = PBXResourcesBuildPhase;
			buildActionMask = 2147483647;
			files = (
				27EF14B31396DD3B0052913E /* AddressesDemo.xib in Resources */,
			);
			runOnlyForDeploymentPostprocessing = 0;
		};
/* End PBXResourcesBuildPhase section */

/* Begin PBXShellScriptBuildPhase section */
		2739BF3413BCE53C004829CD /* ShellScript */ = {
			isa = PBXShellScriptBuildPhase;
			buildActionMask = 2147483647;
			files = (
			);
			inputPaths = (
			);
			outputPaths = (
			);
			runOnlyForDeploymentPostprocessing = 0;
			shellPath = /bin/sh;
			shellScript = "# Run the unit tests in this test bundle.\n\"${SYSTEM_DEVELOPER_DIR}/Tools/RunUnitTests\"\n";
		};
		27CDEC0113C67C9B00C979BB /* ShellScript */ = {
			isa = PBXShellScriptBuildPhase;
			buildActionMask = 2147483647;
			files = (
			);
			inputPaths = (
			);
			outputPaths = (
			);
			runOnlyForDeploymentPostprocessing = 0;
			shellPath = /bin/sh;
			shellScript = "# Run the unit tests in this test bundle.\n\"${SYSTEM_DEVELOPER_DIR}/Tools/RunUnitTests\"\n";
		};
		27EEA5B713D6054800D7ACA4 /* Copy Library */ = {
			isa = PBXShellScriptBuildPhase;
			buildActionMask = 2147483647;
			files = (
			);
			inputPaths = (
			);
			name = "Copy Library";
			outputPaths = (
			);
			runOnlyForDeploymentPostprocessing = 0;
			shellPath = /bin/sh;
			shellScript = "cp \"${CONFIGURATION_BUILD_DIR}/libCouchCocoa.a\" \"${CONFIGURATION_BUILD_DIR}/${EXECUTABLE_PATH}\"";
		};
		27EEA5B813D6062900D7ACA4 /* Build Fat Library */ = {
			isa = PBXShellScriptBuildPhase;
			buildActionMask = 2147483647;
			files = (
			);
			inputPaths = (
			);
			name = "Build Fat Library";
			outputPaths = (
			);
			runOnlyForDeploymentPostprocessing = 0;
			shellPath = /bin/sh;
			shellScript = "# Version 2.0 (updated for Xcode 4, with some fixes)\n# Changes:\n#    - Works with xcode 4, even when running xcode 3 projects (Workarounds for apple bugs)\n#    - Faster / better: only runs lipo once, instead of once per recursion\n#    - Added some debugging statemetns that can be switched on/off by changing the DEBUG_THIS_SCRIPT variable to \"true\"\n#    - Fixed some typos\n# \n# Purpose:\n#   Create a static library for iPhone from within XCode\n#   Because Apple staff DELIBERATELY broke Xcode to make this impossible from the GUI (Xcode 3.2.3 specifically states this in the Release notes!)\n#   ...no, I don't understand why they did this!\n#\n# Author: Adam Martin - http://twitter.com/redglassesapps\n# Based on: original script from Eonil (main changes: Eonil's script WILL NOT WORK in Xcode GUI - it WILL CRASH YOUR COMPUTER)\n#\n# More info: see this Stack Overflow question: http://stackoverflow.com/questions/3520977/build-fat-static-library-device-simulator-using-xcode-and-sdk-4\n\n#################[ Tests: helps workaround any future bugs in Xcode ]########\n#\nDEBUG_THIS_SCRIPT=\"false\"\n\nif [ $DEBUG_THIS_SCRIPT = \"true\" ]\nthen\necho \"########### TESTS #############\"\necho \"Use the following variables when debugging this script; note that they may change on recursions\"\necho \"BUILD_DIR = $BUILD_DIR\"\necho \"BUILD_ROOT = $BUILD_ROOT\"\necho \"CONFIGURATION_BUILD_DIR = $CONFIGURATION_BUILD_DIR\"\necho \"BUILT_PRODUCTS_DIR = $BUILT_PRODUCTS_DIR\"\necho \"CONFIGURATION_TEMP_DIR = $CONFIGURATION_TEMP_DIR\"\necho \"TARGET_BUILD_DIR = $TARGET_BUILD_DIR\"\nfi\n\n#####################[ part 1 ]##################\n# First, work out the BASESDK version number (NB: Apple ought to report this, but they hide it)\n#    (incidental: searching for substrings in sh is a nightmare! Sob)\n\nSDK_VERSION=$(echo ${SDK_NAME} | grep -o '.\\{3\\}$')\n\n# Next, work out if we're in SIM or DEVICE\n\nif [ ${PLATFORM_NAME} = \"iphonesimulator\" ]\nthen\nOTHER_SDK_TO_BUILD=iphoneos${SDK_VERSION}\nelse\nOTHER_SDK_TO_BUILD=iphonesimulator${SDK_VERSION}\nfi\n\necho \"XCode has selected SDK: ${PLATFORM_NAME} with version: ${SDK_VERSION} (although back-targetting: ${IPHONEOS_DEPLOYMENT_TARGET})\"\necho \"...therefore, OTHER_SDK_TO_BUILD = ${OTHER_SDK_TO_BUILD}\"\n#\n#####################[ end of part 1 ]##################\n\n#####################[ part 2 ]##################\n#\n# IF this is the original invocation, invoke WHATEVER other builds are required\n#\n# Xcode is already building ONE target...\n#\n# ...but this is a LIBRARY, so Apple is wrong to set it to build just one.\n# ...we need to build ALL targets\n# ...we MUST NOT re-build the target that is ALREADY being built: Xcode WILL CRASH YOUR COMPUTER if you try this (infinite recursion!)\n#\n#\n# So: build ONLY the missing platforms/configurations.\n\nif [ \"true\" == ${ALREADYINVOKED:-false} ]\nthen\necho \"RECURSION: I am NOT the root invocation, so I'm NOT going to recurse\"\nelse\n# CRITICAL:\n# Prevent infinite recursion (Xcode sucks)\nexport ALREADYINVOKED=\"true\"\n\necho \"RECURSION: I am the root ... recursing all missing build targets NOW...\"\necho \"RECURSION: ...about to invoke: xcodebuild -configuration \\\"${CONFIGURATION}\\\" -target \\\"${TARGET_NAME}\\\" -sdk \\\"${OTHER_SDK_TO_BUILD}\\\" ${ACTION} RUN_CLANG_STATIC_ANALYZER=NO\"\nxcodebuild -configuration \"${CONFIGURATION}\" -target \"${TARGET_NAME}\" -sdk \"${OTHER_SDK_TO_BUILD}\" ${ACTION} RUN_CLANG_STATIC_ANALYZER=NO BUILD_DIR=\"${BUILD_DIR}\" BUILD_ROOT=\"${BUILD_ROOT}\" || exit 1\n\nACTION=\"build\"\n\n#Merge all platform binaries as a fat binary for each configurations.\n\n# Calculate where the (multiple) built files are coming from:\nCURRENTCONFIG_DEVICE_DIR=${SYMROOT}/${CONFIGURATION}-iphoneos\nCURRENTCONFIG_SIMULATOR_DIR=${SYMROOT}/${CONFIGURATION}-iphonesimulator\n\necho \"Taking device build from: ${CURRENTCONFIG_DEVICE_DIR}\"\necho \"Taking simulator build from: ${CURRENTCONFIG_SIMULATOR_DIR}\"\n\nCREATING_UNIVERSAL_DIR=${SYMROOT}/${CONFIGURATION}-ios-universal\necho \"...I will output a universal build to: ${CREATING_UNIVERSAL_DIR}\"\n\n# ... remove the products of previous runs of this script\n#      NB: this directory is ONLY created by this script - it should be safe to delete!\n\nrm -rf \"${CREATING_UNIVERSAL_DIR}\"\nmkdir \"${CREATING_UNIVERSAL_DIR}\"\n\n#\necho \"lipo: for current configuration (${CONFIGURATION}) creating output file: ${CREATING_UNIVERSAL_DIR}/${EXECUTABLE_NAME}\"\nlipo -create -output \"${CREATING_UNIVERSAL_DIR}/${EXECUTABLE_NAME}\" \"${CURRENTCONFIG_DEVICE_DIR}/${EXECUTABLE_NAME}\" \"${CURRENTCONFIG_SIMULATOR_DIR}/${EXECUTABLE_NAME}\" || exit 1\n\n#########\n#\n# Added: StackOverflow suggestion to also copy \"include\" files\n#    (untested, but should work OK)\n#\nif [ -d \"${CURRENTCONFIG_DEVICE_DIR}/usr/local/include\" ]\nthen\nmkdir -p \"${CREATING_UNIVERSAL_DIR}/usr/local/include\"\n# * needs to be outside the double quotes?\ncp \"${CURRENTCONFIG_DEVICE_DIR}/usr/local/include/\"* \"${CREATING_UNIVERSAL_DIR}/usr/local/include\"\nfi\nfi\n";
			showEnvVarsInLog = 0;
		};
/* End PBXShellScriptBuildPhase section */

/* Begin PBXSourcesBuildPhase section */
		2739BF2713BCE53B004829CD /* Sources */ = {
			isa = PBXSourcesBuildPhase;
			buildActionMask = 2147483647;
			files = (
				2739BF5E13BCE5CD004829CD /* JSONKit.m in Sources */,
				2739BF5713BCE5BD004829CD /* CouchDocument.m in Sources */,
				2739BF5813BCE5BD004829CD /* CouchRevision.m in Sources */,
				2739BF5913BCE5BD004829CD /* CouchAttachment.m in Sources */,
				2739BF5A13BCE5BD004829CD /* CouchDesignDocument.m in Sources */,
				2739BF5B13BCE5BD004829CD /* CouchQuery.m in Sources */,
				2739BF5C13BCE5BD004829CD /* CouchResource.m in Sources */,
				2739BF5D13BCE5BD004829CD /* CouchChangeTracker.m in Sources */,
				2739BF5013BCE560004829CD /* RESTResource.m in Sources */,
				2739BF5113BCE562004829CD /* RESTOperation.m in Sources */,
				2739BF5213BCE565004829CD /* RESTBody.m in Sources */,
				2739BF5313BCE568004829CD /* RESTCache.m in Sources */,
				2739BF5413BCE56D004829CD /* RESTInternal.m in Sources */,
				2739BF5513BCE5A5004829CD /* CouchServer.m in Sources */,
				2739BF5613BCE5A8004829CD /* CouchDatabase.m in Sources */,
				27C727FF13EB237200C7ADF5 /* CouchUITableSource.m in Sources */,
			);
			runOnlyForDeploymentPostprocessing = 0;
		};
		2739BF3113BCE53C004829CD /* Sources */ = {
			isa = PBXSourcesBuildPhase;
			buildActionMask = 2147483647;
			files = (
				27CDEBEA13C675C900C979BB /* Test_REST.m in Sources */,
				27CDEBEB13C675CD00C979BB /* Test_Couch.m in Sources */,
			);
			runOnlyForDeploymentPostprocessing = 0;
		};
		2784E1B113CE5249009CC5C8 /* Sources */ = {
			isa = PBXSourcesBuildPhase;
			buildActionMask = 2147483647;
			files = (
				2784E1C413CE5556009CC5C8 /* DemoItem.m in Sources */,
				2784E1C513CE5559009CC5C8 /* DemoQuery.m in Sources */,
				27C5229C13CFA7C2003909B7 /* DemoAppController.m in Sources */,
			);
			runOnlyForDeploymentPostprocessing = 0;
		};
		27CDEBEC13C67C9B00C979BB /* Sources */ = {
			isa = PBXSourcesBuildPhase;
			buildActionMask = 2147483647;
			files = (
				27CDEC1913C67D0300C979BB /* RESTResource.m in Sources */,
				27CDEC1A13C67D0300C979BB /* RESTOperation.m in Sources */,
				27CDEC1B13C67D0300C979BB /* RESTBody.m in Sources */,
				27CDEC1C13C67D0300C979BB /* RESTCache.m in Sources */,
				27CDEC1D13C67D0300C979BB /* RESTInternal.m in Sources */,
				27CDEC1E13C67D0300C979BB /* CouchServer.m in Sources */,
				27CDEC1F13C67D0300C979BB /* CouchDatabase.m in Sources */,
				27CDEC2013C67D0300C979BB /* CouchDocument.m in Sources */,
				27CDEC2113C67D0300C979BB /* CouchRevision.m in Sources */,
				27CDEC2213C67D0300C979BB /* CouchAttachment.m in Sources */,
				27CDEC2313C67D0300C979BB /* CouchDesignDocument.m in Sources */,
				27CDEC2413C67D0300C979BB /* CouchQuery.m in Sources */,
				27CDEC2513C67D0300C979BB /* CouchResource.m in Sources */,
				27CDEC2613C67D0300C979BB /* CouchChangeTracker.m in Sources */,
				27CDEC2713C67D0300C979BB /* JSONKit.m in Sources */,
			);
			runOnlyForDeploymentPostprocessing = 0;
		};
		27CDEBFE13C67C9B00C979BB /* Sources */ = {
			isa = PBXSourcesBuildPhase;
			buildActionMask = 2147483647;
			files = (
				27CDEC3713C67E1600C979BB /* Test_REST.m in Sources */,
				27CDEC3813C67E1A00C979BB /* Test_Couch.m in Sources */,
			);
			runOnlyForDeploymentPostprocessing = 0;
		};
		27EEA59413D602EA00D7ACA4 /* Sources */ = {
			isa = PBXSourcesBuildPhase;
			buildActionMask = 2147483647;
			files = (
			);
			runOnlyForDeploymentPostprocessing = 0;
		};
		27EF14741396D7BA0052913E /* Sources */ = {
			isa = PBXSourcesBuildPhase;
			buildActionMask = 2147483647;
			files = (
				27EF148C1396D8CC0052913E /* DemoAppController.m in Sources */,
				27A577BB13970A3B002776DB /* DemoQuery.m in Sources */,
				27A5799E13974DD7002776DB /* DemoItem.m in Sources */,
			);
			runOnlyForDeploymentPostprocessing = 0;
		};
/* End PBXSourcesBuildPhase section */

/* Begin PBXTargetDependency section */
		2739BF3E13BCE53C004829CD /* PBXTargetDependency */ = {
			isa = PBXTargetDependency;
			target = 2739BF2A13BCE53B004829CD /* iOS Library */;
			targetProxy = 2739BF3D13BCE53C004829CD /* PBXContainerItemProxy */;
		};
		27CDEC0713C67C9B00C979BB /* PBXTargetDependency */ = {
			isa = PBXTargetDependency;
			target = 27CDEBF013C67C9B00C979BB /* Mac Framework */;
			targetProxy = 27CDEC0613C67C9B00C979BB /* PBXContainerItemProxy */;
		};
		27EEA5A613D604C000D7ACA4 /* PBXTargetDependency */ = {
			isa = PBXTargetDependency;
			target = 2739BF2A13BCE53B004829CD /* iOS Library */;
			targetProxy = 27EEA5A513D604C000D7ACA4 /* PBXContainerItemProxy */;
		};
/* End PBXTargetDependency section */

/* Begin PBXVariantGroup section */
		2730940C13C68E080093857D /* InfoPlist.strings */ = {
			isa = PBXVariantGroup;
			children = (
				2730940D13C68E080093857D /* en */,
			);
			name = InfoPlist.strings;
			sourceTree = "<group>";
		};
/* End PBXVariantGroup section */

/* Begin XCBuildConfiguration section */
		1DEB927908733DD40010E9CD /* Debug */ = {
			isa = XCBuildConfiguration;
			buildSettings = {
				ARCHS = "$(ARCHS_STANDARD_32_64_BIT)";
				GCC_C_LANGUAGE_STANDARD = gnu99;
				GCC_OPTIMIZATION_LEVEL = 0;
				GCC_PRECOMPILE_PREFIX_HEADER = YES;
				GCC_PREFIX_HEADER = Couch/CouchPrefix.pch;
				GCC_TREAT_WARNINGS_AS_ERRORS = YES;
				GCC_VERSION = com.apple.compilers.llvm.clang.1_0;
				GCC_WARN_ABOUT_MISSING_PROTOTYPES = YES;
				GCC_WARN_ABOUT_RETURN_TYPE = YES;
				GCC_WARN_UNUSED_VARIABLE = YES;
				IPHONEOS_DEPLOYMENT_TARGET = 4.0;
				MACOSX_DEPLOYMENT_TARGET = 10.6;
				ONLY_ACTIVE_ARCH = YES;
				SDKROOT = macosx10.6;
				WARNING_CFLAGS = "-Wall";
			};
			name = Debug;
		};
		1DEB927A08733DD40010E9CD /* Release */ = {
			isa = XCBuildConfiguration;
			buildSettings = {
				ARCHS = "$(ARCHS_STANDARD_32_64_BIT)";
				GCC_C_LANGUAGE_STANDARD = gnu99;
				GCC_PRECOMPILE_PREFIX_HEADER = YES;
				GCC_PREFIX_HEADER = Couch/CouchPrefix.pch;
				GCC_TREAT_WARNINGS_AS_ERRORS = YES;
				GCC_VERSION = com.apple.compilers.llvm.clang.1_0;
				GCC_WARN_ABOUT_MISSING_PROTOTYPES = YES;
				GCC_WARN_ABOUT_RETURN_TYPE = YES;
				GCC_WARN_UNUSED_VARIABLE = YES;
				IPHONEOS_DEPLOYMENT_TARGET = 4.0;
				MACOSX_DEPLOYMENT_TARGET = 10.6;
				SDKROOT = macosx10.6;
				WARNING_CFLAGS = "-Wall";
			};
			name = Release;
		};
		2731759C13CBA57B000FF426 /* Debug */ = {
			isa = XCBuildConfiguration;
			buildSettings = {
				ALWAYS_SEARCH_USER_PATHS = NO;
				CLANG_ENABLE_OBJC_ARC = YES;
				COPY_PHASE_STRIP = NO;
				DEBUGGING_SYMBOLS = YES;
				GCC_DYNAMIC_NO_PIC = NO;
				GCC_ENABLE_OBJC_EXCEPTIONS = YES;
				GCC_GENERATE_DEBUGGING_SYMBOLS = YES;
				GCC_OPTIMIZATION_LEVEL = 0;
				GCC_PREPROCESSOR_DEFINITIONS = (
					"DEBUG=1",
					"$(inherited)",
				);
				GCC_SYMBOLS_PRIVATE_EXTERN = NO;
				GCC_WARN_64_TO_32_BIT_CONVERSION = YES;
				MACOSX_DEPLOYMENT_TARGET = 10.7;
				OTHER_CFLAGS = "";
				OTHER_LDFLAGS = "";
				PRODUCT_NAME = "$(TARGET_NAME)";
			};
			name = Debug;
		};
		2731759D13CBA57B000FF426 /* Release */ = {
			isa = XCBuildConfiguration;
			buildSettings = {
				ALWAYS_SEARCH_USER_PATHS = NO;
				CLANG_ENABLE_OBJC_ARC = YES;
				COPY_PHASE_STRIP = YES;
				DEBUG_INFORMATION_FORMAT = "dwarf-with-dsym";
				GCC_ENABLE_OBJC_EXCEPTIONS = YES;
				GCC_WARN_64_TO_32_BIT_CONVERSION = YES;
				MACOSX_DEPLOYMENT_TARGET = 10.7;
				OTHER_CFLAGS = "";
				OTHER_LDFLAGS = "";
				PRODUCT_NAME = "$(TARGET_NAME)";
			};
			name = Release;
		};
		2739BF4B13BCE53C004829CD /* Debug */ = {
			isa = XCBuildConfiguration;
			buildSettings = {
				ALWAYS_SEARCH_USER_PATHS = NO;
				ARCHS = "$(ARCHS_STANDARD_32_BIT)";
				CLANG_ENABLE_OBJC_ARC = NO;
				COPY_PHASE_STRIP = NO;
				DSTROOT = /tmp/iOS_Library.dst;
				GCC_DYNAMIC_NO_PIC = NO;
				GCC_PREPROCESSOR_DEFINITIONS = (
					"DEBUG=1",
					"$(inherited)",
				);
				GCC_SYMBOLS_PRIVATE_EXTERN = NO;
				OTHER_LDFLAGS = "-ObjC";
				PRODUCT_NAME = CouchCocoa;
				SDKROOT = iphoneos4.0;
				SKIP_INSTALL = YES;
			};
			name = Debug;
		};
		2739BF4C13BCE53C004829CD /* Release */ = {
			isa = XCBuildConfiguration;
			buildSettings = {
				ALWAYS_SEARCH_USER_PATHS = NO;
				ARCHS = "$(ARCHS_STANDARD_32_BIT)";
				CLANG_ENABLE_OBJC_ARC = NO;
				COPY_PHASE_STRIP = YES;
				DSTROOT = /tmp/iOS_Library.dst;
				OTHER_LDFLAGS = "-ObjC";
				PRODUCT_NAME = CouchCocoa;
				SDKROOT = iphoneos4.0;
				SKIP_INSTALL = YES;
				VALIDATE_PRODUCT = YES;
			};
			name = Release;
		};
		2739BF4E13BCE53C004829CD /* Debug */ = {
			isa = XCBuildConfiguration;
			buildSettings = {
				ALWAYS_SEARCH_USER_PATHS = NO;
				ARCHS = i386;
				COPY_PHASE_STRIP = NO;
				FRAMEWORK_SEARCH_PATHS = (
					"$(SDKROOT)/Developer/Library/Frameworks",
					"$(DEVELOPER_LIBRARY_DIR)/Frameworks",
				);
				GCC_DYNAMIC_NO_PIC = NO;
				GCC_PREPROCESSOR_DEFINITIONS = (
					"DEBUG=1",
					"$(inherited)",
				);
				GCC_SYMBOLS_PRIVATE_EXTERN = NO;
				LIBRARY_SEARCH_PATHS = (
					"$(inherited)",
					"\"$(SRCROOT)/../iOS-Couchbase/MobileCouchbase/Vendor/ios-openssl/lib\"",
				);
				PRODUCT_NAME = "$(TARGET_NAME)";
				SDKROOT = iphoneos4.0;
				VALID_ARCHS = i386;
				WRAPPER_EXTENSION = octest;
			};
			name = Debug;
		};
		2739BF4F13BCE53C004829CD /* Release */ = {
			isa = XCBuildConfiguration;
			buildSettings = {
				ALWAYS_SEARCH_USER_PATHS = NO;
				ARCHS = i386;
				COPY_PHASE_STRIP = YES;
				FRAMEWORK_SEARCH_PATHS = (
					"$(SDKROOT)/Developer/Library/Frameworks",
					"$(DEVELOPER_LIBRARY_DIR)/Frameworks",
				);
				LIBRARY_SEARCH_PATHS = (
					"$(inherited)",
					"\"$(SRCROOT)/../iOS-Couchbase/MobileCouchbase/Vendor/ios-openssl/lib\"",
				);
				PRODUCT_NAME = "$(TARGET_NAME)";
				SDKROOT = iphoneos4.0;
				VALIDATE_PRODUCT = YES;
				VALID_ARCHS = i386;
				WRAPPER_EXTENSION = octest;
			};
			name = Release;
		};
		2784E1BA13CE5249009CC5C8 /* Debug */ = {
			isa = XCBuildConfiguration;
			buildSettings = {
				ALWAYS_SEARCH_USER_PATHS = NO;
				COPY_PHASE_STRIP = NO;
				FRAMEWORK_SEARCH_PATHS = "";
				GCC_DYNAMIC_NO_PIC = NO;
				GCC_MODEL_TUNING = G5;
				GCC_OPTIMIZATION_LEVEL = 0;
				GCC_PRECOMPILE_PREFIX_HEADER = YES;
				GCC_PREFIX_HEADER = "$(SYSTEM_LIBRARY_DIR)/Frameworks/AppKit.framework/Headers/AppKit.h";
				INFOPLIST_FILE = "Demo/ShoppingDemo-Info.plist";
				INSTALL_PATH = "$(HOME)/Applications";
				PRODUCT_NAME = Shopping;
			};
			name = Debug;
		};
		2784E1BB13CE5249009CC5C8 /* Release */ = {
			isa = XCBuildConfiguration;
			buildSettings = {
				ALWAYS_SEARCH_USER_PATHS = NO;
				COPY_PHASE_STRIP = YES;
				DEBUG_INFORMATION_FORMAT = "dwarf-with-dsym";
				FRAMEWORK_SEARCH_PATHS = "";
				GCC_MODEL_TUNING = G5;
				GCC_PRECOMPILE_PREFIX_HEADER = YES;
				GCC_PREFIX_HEADER = "$(SYSTEM_LIBRARY_DIR)/Frameworks/AppKit.framework/Headers/AppKit.h";
				INFOPLIST_FILE = "Demo/ShoppingDemo-Info.plist";
				INSTALL_PATH = "$(HOME)/Applications";
				OTHER_LDFLAGS = (
					"-framework",
					Foundation,
					"-framework",
					AppKit,
				);
				PRODUCT_NAME = Shopping;
				ZERO_LINK = NO;
			};
			name = Release;
		};
		27CDEC1413C67C9B00C979BB /* Debug */ = {
			isa = XCBuildConfiguration;
			buildSettings = {
				ALWAYS_SEARCH_USER_PATHS = NO;
				COPY_PHASE_STRIP = NO;
				DYLIB_COMPATIBILITY_VERSION = 1;
				DYLIB_CURRENT_VERSION = 1;
				FRAMEWORK_VERSION = A;
				GCC_DYNAMIC_NO_PIC = NO;
				GCC_ENABLE_OBJC_EXCEPTIONS = YES;
				GCC_PREPROCESSOR_DEFINITIONS = (
					"DEBUG=1",
					"$(inherited)",
				);
				GCC_SYMBOLS_PRIVATE_EXTERN = NO;
				GCC_WARN_64_TO_32_BIT_CONVERSION = YES;
				INFOPLIST_FILE = "Resources/CouchCocoa-Info.plist";
				LD_DYLIB_INSTALL_NAME = "@executable_path/../Frameworks/$(EXECUTABLE_PATH)";
				MACOSX_DEPLOYMENT_TARGET = 10.6;
				ONLY_ACTIVE_ARCH = NO;
				PRODUCT_NAME = CouchCocoa;
				WRAPPER_EXTENSION = framework;
			};
			name = Debug;
		};
		27CDEC1513C67C9B00C979BB /* Release */ = {
			isa = XCBuildConfiguration;
			buildSettings = {
				ALWAYS_SEARCH_USER_PATHS = NO;
				COPY_PHASE_STRIP = YES;
				DEBUG_INFORMATION_FORMAT = "dwarf-with-dsym";
				DYLIB_COMPATIBILITY_VERSION = 1;
				DYLIB_CURRENT_VERSION = 1;
				FRAMEWORK_VERSION = A;
				GCC_ENABLE_OBJC_EXCEPTIONS = YES;
				GCC_WARN_64_TO_32_BIT_CONVERSION = YES;
				INFOPLIST_FILE = "Resources/CouchCocoa-Info.plist";
				LD_DYLIB_INSTALL_NAME = "@executable_path/../Frameworks/$(EXECUTABLE_PATH)";
				MACOSX_DEPLOYMENT_TARGET = 10.6;
				ONLY_ACTIVE_ARCH = NO;
				PRODUCT_NAME = CouchCocoa;
				WRAPPER_EXTENSION = framework;
			};
			name = Release;
		};
		27CDEC1713C67C9B00C979BB /* Debug */ = {
			isa = XCBuildConfiguration;
			buildSettings = {
				ALWAYS_SEARCH_USER_PATHS = NO;
				COPY_PHASE_STRIP = NO;
				FRAMEWORK_SEARCH_PATHS = "$(DEVELOPER_LIBRARY_DIR)/Frameworks";
				GCC_DYNAMIC_NO_PIC = NO;
				GCC_ENABLE_OBJC_EXCEPTIONS = YES;
				GCC_PREPROCESSOR_DEFINITIONS = (
					"DEBUG=1",
					"$(inherited)",
				);
				GCC_SYMBOLS_PRIVATE_EXTERN = NO;
				GCC_WARN_64_TO_32_BIT_CONVERSION = YES;
				PRODUCT_NAME = "$(TARGET_NAME)";
				WRAPPER_EXTENSION = octest;
			};
			name = Debug;
		};
		27CDEC1813C67C9B00C979BB /* Release */ = {
			isa = XCBuildConfiguration;
			buildSettings = {
				ALWAYS_SEARCH_USER_PATHS = NO;
				COPY_PHASE_STRIP = YES;
				DEBUG_INFORMATION_FORMAT = "dwarf-with-dsym";
				FRAMEWORK_SEARCH_PATHS = "$(DEVELOPER_LIBRARY_DIR)/Frameworks";
				GCC_ENABLE_OBJC_EXCEPTIONS = YES;
				GCC_WARN_64_TO_32_BIT_CONVERSION = YES;
				PRODUCT_NAME = "$(TARGET_NAME)";
				WRAPPER_EXTENSION = octest;
			};
			name = Release;
		};
		27EEA5A213D602EA00D7ACA4 /* Debug */ = {
			isa = XCBuildConfiguration;
			buildSettings = {
				ALWAYS_SEARCH_USER_PATHS = NO;
				ARCHS = "$(ARCHS_STANDARD_32_BIT)";
				CONFIGURATION_BUILD_DIR = "$(BUILD_DIR)/$(CONFIGURATION)-ios-universal";
				COPY_PHASE_STRIP = NO;
				GCC_DYNAMIC_NO_PIC = NO;
				GCC_ENABLE_OBJC_EXCEPTIONS = YES;
				GCC_PRECOMPILE_PREFIX_HEADER = YES;
				GCC_PREFIX_HEADER = "Couch.frameworik/Couch.frameworik-Prefix.pch";
				GCC_PREPROCESSOR_DEFINITIONS = (
					"DEBUG=1",
					"$(inherited)",
				);
				GCC_SYMBOLS_PRIVATE_EXTERN = NO;
				GCC_WARN_64_TO_32_BIT_CONVERSION = YES;
				INSTALL_PATH = "$(LOCAL_LIBRARY_DIR)/Bundles";
				ONLY_ACTIVE_ARCH = NO;
				PRODUCT_NAME = CouchCocoa;
				SDKROOT = iphoneos4.0;
				TARGETED_DEVICE_FAMILY = "1,2";
				WRAPPER_EXTENSION = framework;
			};
			name = Debug;
		};
		27EEA5A313D602EA00D7ACA4 /* Release */ = {
			isa = XCBuildConfiguration;
			buildSettings = {
				ALWAYS_SEARCH_USER_PATHS = NO;
				ARCHS = "$(ARCHS_STANDARD_32_BIT)";
				CONFIGURATION_BUILD_DIR = "$(BUILD_DIR)/$(CONFIGURATION)-ios-universal";
				COPY_PHASE_STRIP = YES;
				DEBUG_INFORMATION_FORMAT = "dwarf-with-dsym";
				GCC_ENABLE_OBJC_EXCEPTIONS = YES;
				GCC_PRECOMPILE_PREFIX_HEADER = YES;
				GCC_PREFIX_HEADER = "Couch.frameworik/Couch.frameworik-Prefix.pch";
				GCC_WARN_64_TO_32_BIT_CONVERSION = YES;
				INSTALL_PATH = "$(LOCAL_LIBRARY_DIR)/Bundles";
				PRODUCT_NAME = CouchCocoa;
				SDKROOT = iphoneos4.0;
				TARGETED_DEVICE_FAMILY = "1,2";
				WRAPPER_EXTENSION = framework;
			};
			name = Release;
		};
		27EF147A1396D7BB0052913E /* Debug */ = {
			isa = XCBuildConfiguration;
			buildSettings = {
				ALWAYS_SEARCH_USER_PATHS = NO;
				COPY_PHASE_STRIP = NO;
				FRAMEWORK_SEARCH_PATHS = "";
				GCC_DYNAMIC_NO_PIC = NO;
				GCC_MODEL_TUNING = G5;
				GCC_OPTIMIZATION_LEVEL = 0;
				GCC_PRECOMPILE_PREFIX_HEADER = YES;
				GCC_PREFIX_HEADER = "$(SYSTEM_LIBRARY_DIR)/Frameworks/AppKit.framework/Headers/AppKit.h";
				INFOPLIST_FILE = "Demo/AddressesDemo-Info.plist";
				INSTALL_PATH = "$(HOME)/Applications";
				PRODUCT_NAME = Addresses;
			};
			name = Debug;
		};
		27EF147B1396D7BB0052913E /* Release */ = {
			isa = XCBuildConfiguration;
			buildSettings = {
				ALWAYS_SEARCH_USER_PATHS = NO;
				COPY_PHASE_STRIP = YES;
				DEBUG_INFORMATION_FORMAT = "dwarf-with-dsym";
				FRAMEWORK_SEARCH_PATHS = "";
				GCC_MODEL_TUNING = G5;
				GCC_PRECOMPILE_PREFIX_HEADER = YES;
				GCC_PREFIX_HEADER = "$(SYSTEM_LIBRARY_DIR)/Frameworks/AppKit.framework/Headers/AppKit.h";
				INFOPLIST_FILE = "Demo/AddressesDemo-Info.plist";
				INSTALL_PATH = "$(HOME)/Applications";
				OTHER_LDFLAGS = (
					"-framework",
					Foundation,
					"-framework",
					AppKit,
				);
				PRODUCT_NAME = Addresses;
				ZERO_LINK = NO;
			};
			name = Release;
		};
/* End XCBuildConfiguration section */

/* Begin XCConfigurationList section */
		1DEB927808733DD40010E9CD /* Build configuration list for PBXProject "CouchCocoa" */ = {
			isa = XCConfigurationList;
			buildConfigurations = (
				1DEB927908733DD40010E9CD /* Debug */,
				1DEB927A08733DD40010E9CD /* Release */,
			);
			defaultConfigurationIsVisible = 0;
			defaultConfigurationName = Release;
		};
		2731759B13CBA57B000FF426 /* Build configuration list for PBXLegacyTarget "Documentation" */ = {
			isa = XCConfigurationList;
			buildConfigurations = (
				2731759C13CBA57B000FF426 /* Debug */,
				2731759D13CBA57B000FF426 /* Release */,
			);
			defaultConfigurationIsVisible = 0;
			defaultConfigurationName = Release;
		};
		2739BF4A13BCE53C004829CD /* Build configuration list for PBXNativeTarget "iOS Library" */ = {
			isa = XCConfigurationList;
			buildConfigurations = (
				2739BF4B13BCE53C004829CD /* Debug */,
				2739BF4C13BCE53C004829CD /* Release */,
			);
			defaultConfigurationIsVisible = 0;
			defaultConfigurationName = Release;
		};
		2739BF4D13BCE53C004829CD /* Build configuration list for PBXNativeTarget "iOS Tests" */ = {
			isa = XCConfigurationList;
			buildConfigurations = (
				2739BF4E13BCE53C004829CD /* Debug */,
				2739BF4F13BCE53C004829CD /* Release */,
			);
			defaultConfigurationIsVisible = 0;
			defaultConfigurationName = Release;
		};
		2784E1B913CE5249009CC5C8 /* Build configuration list for PBXNativeTarget "Demo-Shopping" */ = {
			isa = XCConfigurationList;
			buildConfigurations = (
				2784E1BA13CE5249009CC5C8 /* Debug */,
				2784E1BB13CE5249009CC5C8 /* Release */,
			);
			defaultConfigurationIsVisible = 0;
			defaultConfigurationName = Release;
		};
		27CDEC1313C67C9B00C979BB /* Build configuration list for PBXNativeTarget "Mac Framework" */ = {
			isa = XCConfigurationList;
			buildConfigurations = (
				27CDEC1413C67C9B00C979BB /* Debug */,
				27CDEC1513C67C9B00C979BB /* Release */,
			);
			defaultConfigurationIsVisible = 0;
			defaultConfigurationName = Release;
		};
		27CDEC1613C67C9B00C979BB /* Build configuration list for PBXNativeTarget "Mac Tests" */ = {
			isa = XCConfigurationList;
			buildConfigurations = (
				27CDEC1713C67C9B00C979BB /* Debug */,
				27CDEC1813C67C9B00C979BB /* Release */,
			);
			defaultConfigurationIsVisible = 0;
			defaultConfigurationName = Release;
		};
		27EEA5A413D602EA00D7ACA4 /* Build configuration list for PBXNativeTarget "iOS Framework" */ = {
			isa = XCConfigurationList;
			buildConfigurations = (
				27EEA5A213D602EA00D7ACA4 /* Debug */,
				27EEA5A313D602EA00D7ACA4 /* Release */,
			);
			defaultConfigurationIsVisible = 0;
			defaultConfigurationName = Release;
		};
		27EF147C1396D7BB0052913E /* Build configuration list for PBXNativeTarget "Demo-Addresses" */ = {
			isa = XCConfigurationList;
			buildConfigurations = (
				27EF147A1396D7BB0052913E /* Debug */,
				27EF147B1396D7BB0052913E /* Release */,
			);
			defaultConfigurationIsVisible = 0;
			defaultConfigurationName = Release;
		};
/* End XCConfigurationList section */
	};
	rootObject = 08FB7793FE84155DC02AAC07 /* Project object */;
}
